// !$*UTF8*$!
{
	archiveVersion = 1;
	classes = {
	};
	objectVersion = 52;
	objects = {

/* Begin PBXBuildFile section */
		8604CE3224282911006C7C12 /* EmulationViewController.h in Headers */ = {isa = PBXBuildFile; fileRef = 8604CDFB24282909006C7C12 /* EmulationViewController.h */; };
		8604CE3324282911006C7C12 /* TestResponder.h in Headers */ = {isa = PBXBuildFile; fileRef = 8604CDFC24282909006C7C12 /* TestResponder.h */; };
		8604CE3424282911006C7C12 /* EMVAuthController.h in Headers */ = {isa = PBXBuildFile; fileRef = 8604CDFD2428290A006C7C12 /* EMVAuthController.h */; };
		8604CE3524282911006C7C12 /* UITextViewDelegate-Protocol.h in Headers */ = {isa = PBXBuildFile; fileRef = 8604CDFE2428290A006C7C12 /* UITextViewDelegate-Protocol.h */; };
		8604CE3624282911006C7C12 /* ReaderViewController.h in Headers */ = {isa = PBXBuildFile; fileRef = 8604CDFF2428290A006C7C12 /* ReaderViewController.h */; };
		8604CE3724282911006C7C12 /* UITableViewDelegate-Protocol.h in Headers */ = {isa = PBXBuildFile; fileRef = 8604CE002428290A006C7C12 /* UITableViewDelegate-Protocol.h */; };
		8604CE3824282911006C7C12 /* CNContactViewControllerDelegate-Protocol.h in Headers */ = {isa = PBXBuildFile; fileRef = 8604CE012428290B006C7C12 /* CNContactViewControllerDelegate-Protocol.h */; };
		8604CE3924282911006C7C12 /* EmulationNDEFPicker.h in Headers */ = {isa = PBXBuildFile; fileRef = 8604CE022428290B006C7C12 /* EmulationNDEFPicker.h */; };
		8604CE3A24282911006C7C12 /* ManageRecordsCell.h in Headers */ = {isa = PBXBuildFile; fileRef = 8604CE032428290B006C7C12 /* ManageRecordsCell.h */; };
		8604CE3B24282911006C7C12 /* LastLogViewController.h in Headers */ = {isa = PBXBuildFile; fileRef = 8604CE042428290B006C7C12 /* LastLogViewController.h */; };
		8604CE3C24282911006C7C12 /* NFCWriterApplication.h in Headers */ = {isa = PBXBuildFile; fileRef = 8604CE052428290B006C7C12 /* NFCWriterApplication.h */; };
		8604CE3D24282911006C7C12 /* WriterViewController.h in Headers */ = {isa = PBXBuildFile; fileRef = 8604CE062428290B006C7C12 /* WriterViewController.h */; };
		8604CE3E24282911006C7C12 /* NSArray-limadded.h in Headers */ = {isa = PBXBuildFile; fileRef = 8604CE072428290C006C7C12 /* NSArray-limadded.h */; };
		8604CE3F24282911006C7C12 /* SettingsController.h in Headers */ = {isa = PBXBuildFile; fileRef = 8604CE082428290C006C7C12 /* SettingsController.h */; };
		8604CE4024282911006C7C12 /* OtherViewController.h in Headers */ = {isa = PBXBuildFile; fileRef = 8604CE092428290C006C7C12 /* OtherViewController.h */; };
		8604CE4124282911006C7C12 /* ManageRecordsViewController.h in Headers */ = {isa = PBXBuildFile; fileRef = 8604CE0A2428290C006C7C12 /* ManageRecordsViewController.h */; };
		8604CE4224282911006C7C12 /* NFCClientController.h in Headers */ = {isa = PBXBuildFile; fileRef = 8604CE0B2428290C006C7C12 /* NFCClientController.h */; };
		8604CE4324282911006C7C12 /* NFCWriterTransmissionLogViewController.h in Headers */ = {isa = PBXBuildFile; fileRef = 8604CE0C2428290C006C7C12 /* NFCWriterTransmissionLogViewController.h */; };
		8604CE4424282911006C7C12 /* MainTabBarController.h in Headers */ = {isa = PBXBuildFile; fileRef = 8604CE0D2428290C006C7C12 /* MainTabBarController.h */; };
		8604CE4524282911006C7C12 /* RoundedCell.h in Headers */ = {isa = PBXBuildFile; fileRef = 8604CE0E2428290D006C7C12 /* RoundedCell.h */; };
		8604CE4624282911006C7C12 /* TelRecordViewController.h in Headers */ = {isa = PBXBuildFile; fileRef = 8604CE0F2428290D006C7C12 /* TelRecordViewController.h */; };
		8604CE4724282911006C7C12 /* CNContactPickerDelegate-Protocol.h in Headers */ = {isa = PBXBuildFile; fileRef = 8604CE102428290D006C7C12 /* CNContactPickerDelegate-Protocol.h */; };
		8604CE4824282911006C7C12 /* NSString-lim.h in Headers */ = {isa = PBXBuildFile; fileRef = 8604CE112428290D006C7C12 /* NSString-lim.h */; };
		8604CE4924282911006C7C12 /* SMSRecordViewController.h in Headers */ = {isa = PBXBuildFile; fileRef = 8604CE122428290D006C7C12 /* SMSRecordViewController.h */; };
		8604CE4A24282911006C7C12 /* MFMailComposeViewControllerDelegate-Protocol.h in Headers */ = {isa = PBXBuildFile; fileRef = 8604CE132428290D006C7C12 /* MFMailComposeViewControllerDelegate-Protocol.h */; };
		8604CE4B24282911006C7C12 /* ShowTagViewController.h in Headers */ = {isa = PBXBuildFile; fileRef = 8604CE142428290E006C7C12 /* ShowTagViewController.h */; };
		8604CE4C24282911006C7C12 /* LimTransferLicenseController.h in Headers */ = {isa = PBXBuildFile; fileRef = 8604CE152428290E006C7C12 /* LimTransferLicenseController.h */; };
		8604CE4D24282911006C7C12 /* RecordPickerController.h in Headers */ = {isa = PBXBuildFile; fileRef = 8604CE162428290E006C7C12 /* RecordPickerController.h */; };
		8604CE4E24282911006C7C12 /* NSData-lim.h in Headers */ = {isa = PBXBuildFile; fileRef = 8604CE172428290E006C7C12 /* NSData-lim.h */; };
		8604CE4F24282911006C7C12 /* ManageTagsViewController.h in Headers */ = {isa = PBXBuildFile; fileRef = 8604CE182428290E006C7C12 /* ManageTagsViewController.h */; };
		8604CE5024282911006C7C12 /* UITableViewDataSource-Protocol.h in Headers */ = {isa = PBXBuildFile; fileRef = 8604CE192428290E006C7C12 /* UITableViewDataSource-Protocol.h */; };
		8604CE5124282911006C7C12 /* NFCWriterFieldSessionDelegateObject.h in Headers */ = {isa = PBXBuildFile; fileRef = 8604CE1A2428290E006C7C12 /* NFCWriterFieldSessionDelegateObject.h */; };
		8604CE5224282911006C7C12 /* ShowRecordViewController.h in Headers */ = {isa = PBXBuildFile; fileRef = 8604CE1B2428290E006C7C12 /* ShowRecordViewController.h */; };
		8604CE5324282911006C7C12 /* ReadMemoryResultsController.h in Headers */ = {isa = PBXBuildFile; fileRef = 8604CE1C2428290F006C7C12 /* ReadMemoryResultsController.h */; };
		8604CE5424282911006C7C12 /* UIApplicationDelegate-Protocol.h in Headers */ = {isa = PBXBuildFile; fileRef = 8604CE1D2428290F006C7C12 /* UIApplicationDelegate-Protocol.h */; };
		8604CE5524282911006C7C12 /* CDStructures.h in Headers */ = {isa = PBXBuildFile; fileRef = 8604CE1E2428290F006C7C12 /* CDStructures.h */; };
		8604CE5624282911006C7C12 /* NFCServerController.h in Headers */ = {isa = PBXBuildFile; fileRef = 8604CE1F2428290F006C7C12 /* NFCServerController.h */; };
		8604CE5724282911006C7C12 /* URIRecordViewController.h in Headers */ = {isa = PBXBuildFile; fileRef = 8604CE202428290F006C7C12 /* URIRecordViewController.h */; };
		8604CE5824282911006C7C12 /* AddContactRecordViewController.h in Headers */ = {isa = PBXBuildFile; fileRef = 8604CE212428290F006C7C12 /* AddContactRecordViewController.h */; };
		8604CE5924282911006C7C12 /* NSObject-Protocol.h in Headers */ = {isa = PBXBuildFile; fileRef = 8604CE222428290F006C7C12 /* NSObject-Protocol.h */; };
		8604CE5A24282911006C7C12 /* IDTextField.h in Headers */ = {isa = PBXBuildFile; fileRef = 8604CE232428290F006C7C12 /* IDTextField.h */; };
		8604CE5B24282911006C7C12 /* WIFIRecordViewController.h in Headers */ = {isa = PBXBuildFile; fileRef = 8604CE242428290F006C7C12 /* WIFIRecordViewController.h */; };
		8604CE5C24282911006C7C12 /* UITextFieldDelegate-Protocol.h in Headers */ = {isa = PBXBuildFile; fileRef = 8604CE252428290F006C7C12 /* UITextFieldDelegate-Protocol.h */; };
		8604CE5D24282911006C7C12 /* RecordViewController.h in Headers */ = {isa = PBXBuildFile; fileRef = 8604CE2624282910006C7C12 /* RecordViewController.h */; };
		8604CE5E24282911006C7C12 /* DiscoverMapViewController.h in Headers */ = {isa = PBXBuildFile; fileRef = 8604CE2724282910006C7C12 /* DiscoverMapViewController.h */; };
		8604CE5F24282911006C7C12 /* SavedRecordViewController.h in Headers */ = {isa = PBXBuildFile; fileRef = 8604CE2824282910006C7C12 /* SavedRecordViewController.h */; };
		8604CE6024282911006C7C12 /* AdvancedTransceiver.h in Headers */ = {isa = PBXBuildFile; fileRef = 8604CE2924282910006C7C12 /* AdvancedTransceiver.h */; };
		8604CE6124282911006C7C12 /* MailRecordViewController.h in Headers */ = {isa = PBXBuildFile; fileRef = 8604CE2A24282910006C7C12 /* MailRecordViewController.h */; };
		8604CE6224282911006C7C12 /* BlurredLabel.h in Headers */ = {isa = PBXBuildFile; fileRef = 8604CE2B24282910006C7C12 /* BlurredLabel.h */; };
		8604CE6324282911006C7C12 /* UITabBarControllerDelegate-Protocol.h in Headers */ = {isa = PBXBuildFile; fileRef = 8604CE2C24282910006C7C12 /* UITabBarControllerDelegate-Protocol.h */; };
		8604CE6424282911006C7C12 /* NFCChipManager.h in Headers */ = {isa = PBXBuildFile; fileRef = 8604CE2D24282910006C7C12 /* NFCChipManager.h */; };
		8604CE6524282911006C7C12 /* MRTDAuthController.h in Headers */ = {isa = PBXBuildFile; fileRef = 8604CE2E24282911006C7C12 /* MRTDAuthController.h */; };
		8604CE6624282911006C7C12 /* GIMME.h in Headers */ = {isa = PBXBuildFile; fileRef = 8604CE2F24282911006C7C12 /* GIMME.h */; };
		8604CE6724282911006C7C12 /* TextRecordViewController.h in Headers */ = {isa = PBXBuildFile; fileRef = 8604CE3024282911006C7C12 /* TextRecordViewController.h */; };
		8604CE6824282911006C7C12 /* UIScrollViewDelegate-Protocol.h in Headers */ = {isa = PBXBuildFile; fileRef = 8604CE3124282911006C7C12 /* UIScrollViewDelegate-Protocol.h */; };
		8604CE70242838DE006C7C12 /* UIKit.framework in Frameworks */ = {isa = PBXBuildFile; fileRef = 869F6E81241CABE4008BF306 /* UIKit.framework */; platformFilter = ios; };
		8604CE72242839B1006C7C12 /* Header.h in Headers */ = {isa = PBXBuildFile; fileRef = 8604CE71242839B1006C7C12 /* Header.h */; };
		869F6E84241CABE4008BF306 /* Foundation.framework in Frameworks */ = {isa = PBXBuildFile; fileRef = 869F6E83241CABE4008BF306 /* Foundation.framework */; };
		869F6E86241CABE4008BF306 /* CydiaSubstrate.framework in Frameworks */ = {isa = PBXBuildFile; fileRef = 869F6E85241CABE4008BF306 /* CydiaSubstrate.framework */; };
		869F6E8F241CABE4008BF306 /* NFCWritterHelper.mm in Sources */ = {isa = PBXBuildFile; fileRef = 869F6E8E241CABE4008BF306 /* NFCWritterHelper.mm */; };
		86FEAF56241F59B700DD8EE1 /* EmulationViewController.h in Headers */ = {isa = PBXBuildFile; fileRef = 86FEAF55241F59B700DD8EE1 /* EmulationViewController.h */; };
/* End PBXBuildFile section */

/* Begin PBXFileReference section */
		8604CDFB24282909006C7C12 /* EmulationViewController.h */ = {isa = PBXFileReference; fileEncoding = 4; lastKnownFileType = sourcecode.c.h; path = EmulationViewController.h; sourceTree = "<group>"; };
		8604CDFC24282909006C7C12 /* TestResponder.h */ = {isa = PBXFileReference; fileEncoding = 4; lastKnownFileType = sourcecode.c.h; path = TestResponder.h; sourceTree = "<group>"; };
		8604CDFD2428290A006C7C12 /* EMVAuthController.h */ = {isa = PBXFileReference; fileEncoding = 4; lastKnownFileType = sourcecode.c.h; path = EMVAuthController.h; sourceTree = "<group>"; };
		8604CDFE2428290A006C7C12 /* UITextViewDelegate-Protocol.h */ = {isa = PBXFileReference; fileEncoding = 4; lastKnownFileType = sourcecode.c.h; path = "UITextViewDelegate-Protocol.h"; sourceTree = "<group>"; };
		8604CDFF2428290A006C7C12 /* ReaderViewController.h */ = {isa = PBXFileReference; fileEncoding = 4; lastKnownFileType = sourcecode.c.h; path = ReaderViewController.h; sourceTree = "<group>"; };
		8604CE002428290A006C7C12 /* UITableViewDelegate-Protocol.h */ = {isa = PBXFileReference; fileEncoding = 4; lastKnownFileType = sourcecode.c.h; path = "UITableViewDelegate-Protocol.h"; sourceTree = "<group>"; };
		8604CE012428290B006C7C12 /* CNContactViewControllerDelegate-Protocol.h */ = {isa = PBXFileReference; fileEncoding = 4; lastKnownFileType = sourcecode.c.h; path = "CNContactViewControllerDelegate-Protocol.h"; sourceTree = "<group>"; };
		8604CE022428290B006C7C12 /* EmulationNDEFPicker.h */ = {isa = PBXFileReference; fileEncoding = 4; lastKnownFileType = sourcecode.c.h; path = EmulationNDEFPicker.h; sourceTree = "<group>"; };
		8604CE032428290B006C7C12 /* ManageRecordsCell.h */ = {isa = PBXFileReference; fileEncoding = 4; lastKnownFileType = sourcecode.c.h; path = ManageRecordsCell.h; sourceTree = "<group>"; };
		8604CE042428290B006C7C12 /* LastLogViewController.h */ = {isa = PBXFileReference; fileEncoding = 4; lastKnownFileType = sourcecode.c.h; path = LastLogViewController.h; sourceTree = "<group>"; };
		8604CE052428290B006C7C12 /* NFCWriterApplication.h */ = {isa = PBXFileReference; fileEncoding = 4; lastKnownFileType = sourcecode.c.h; path = NFCWriterApplication.h; sourceTree = "<group>"; };
		8604CE062428290B006C7C12 /* WriterViewController.h */ = {isa = PBXFileReference; fileEncoding = 4; lastKnownFileType = sourcecode.c.h; path = WriterViewController.h; sourceTree = "<group>"; };
		8604CE072428290C006C7C12 /* NSArray-limadded.h */ = {isa = PBXFileReference; fileEncoding = 4; lastKnownFileType = sourcecode.c.h; path = "NSArray-limadded.h"; sourceTree = "<group>"; };
		8604CE082428290C006C7C12 /* SettingsController.h */ = {isa = PBXFileReference; fileEncoding = 4; lastKnownFileType = sourcecode.c.h; path = SettingsController.h; sourceTree = "<group>"; };
		8604CE092428290C006C7C12 /* OtherViewController.h */ = {isa = PBXFileReference; fileEncoding = 4; lastKnownFileType = sourcecode.c.h; path = OtherViewController.h; sourceTree = "<group>"; };
		8604CE0A2428290C006C7C12 /* ManageRecordsViewController.h */ = {isa = PBXFileReference; fileEncoding = 4; lastKnownFileType = sourcecode.c.h; path = ManageRecordsViewController.h; sourceTree = "<group>"; };
		8604CE0B2428290C006C7C12 /* NFCClientController.h */ = {isa = PBXFileReference; fileEncoding = 4; lastKnownFileType = sourcecode.c.h; path = NFCClientController.h; sourceTree = "<group>"; };
		8604CE0C2428290C006C7C12 /* NFCWriterTransmissionLogViewController.h */ = {isa = PBXFileReference; fileEncoding = 4; lastKnownFileType = sourcecode.c.h; path = NFCWriterTransmissionLogViewController.h; sourceTree = "<group>"; };
		8604CE0D2428290C006C7C12 /* MainTabBarController.h */ = {isa = PBXFileReference; fileEncoding = 4; lastKnownFileType = sourcecode.c.h; path = MainTabBarController.h; sourceTree = "<group>"; };
		8604CE0E2428290D006C7C12 /* RoundedCell.h */ = {isa = PBXFileReference; fileEncoding = 4; lastKnownFileType = sourcecode.c.h; path = RoundedCell.h; sourceTree = "<group>"; };
		8604CE0F2428290D006C7C12 /* TelRecordViewController.h */ = {isa = PBXFileReference; fileEncoding = 4; lastKnownFileType = sourcecode.c.h; path = TelRecordViewController.h; sourceTree = "<group>"; };
		8604CE102428290D006C7C12 /* CNContactPickerDelegate-Protocol.h */ = {isa = PBXFileReference; fileEncoding = 4; lastKnownFileType = sourcecode.c.h; path = "CNContactPickerDelegate-Protocol.h"; sourceTree = "<group>"; };
		8604CE112428290D006C7C12 /* NSString-lim.h */ = {isa = PBXFileReference; fileEncoding = 4; lastKnownFileType = sourcecode.c.h; path = "NSString-lim.h"; sourceTree = "<group>"; };
		8604CE122428290D006C7C12 /* SMSRecordViewController.h */ = {isa = PBXFileReference; fileEncoding = 4; lastKnownFileType = sourcecode.c.h; path = SMSRecordViewController.h; sourceTree = "<group>"; };
		8604CE132428290D006C7C12 /* MFMailComposeViewControllerDelegate-Protocol.h */ = {isa = PBXFileReference; fileEncoding = 4; lastKnownFileType = sourcecode.c.h; path = "MFMailComposeViewControllerDelegate-Protocol.h"; sourceTree = "<group>"; };
		8604CE142428290E006C7C12 /* ShowTagViewController.h */ = {isa = PBXFileReference; fileEncoding = 4; lastKnownFileType = sourcecode.c.h; path = ShowTagViewController.h; sourceTree = "<group>"; };
		8604CE152428290E006C7C12 /* LimTransferLicenseController.h */ = {isa = PBXFileReference; fileEncoding = 4; lastKnownFileType = sourcecode.c.h; path = LimTransferLicenseController.h; sourceTree = "<group>"; };
		8604CE162428290E006C7C12 /* RecordPickerController.h */ = {isa = PBXFileReference; fileEncoding = 4; lastKnownFileType = sourcecode.c.h; path = RecordPickerController.h; sourceTree = "<group>"; };
		8604CE172428290E006C7C12 /* NSData-lim.h */ = {isa = PBXFileReference; fileEncoding = 4; lastKnownFileType = sourcecode.c.h; path = "NSData-lim.h"; sourceTree = "<group>"; };
		8604CE182428290E006C7C12 /* ManageTagsViewController.h */ = {isa = PBXFileReference; fileEncoding = 4; lastKnownFileType = sourcecode.c.h; path = ManageTagsViewController.h; sourceTree = "<group>"; };
		8604CE192428290E006C7C12 /* UITableViewDataSource-Protocol.h */ = {isa = PBXFileReference; fileEncoding = 4; lastKnownFileType = sourcecode.c.h; path = "UITableViewDataSource-Protocol.h"; sourceTree = "<group>"; };
		8604CE1A2428290E006C7C12 /* NFCWriterFieldSessionDelegateObject.h */ = {isa = PBXFileReference; fileEncoding = 4; lastKnownFileType = sourcecode.c.h; path = NFCWriterFieldSessionDelegateObject.h; sourceTree = "<group>"; };
		8604CE1B2428290E006C7C12 /* ShowRecordViewController.h */ = {isa = PBXFileReference; fileEncoding = 4; lastKnownFileType = sourcecode.c.h; path = ShowRecordViewController.h; sourceTree = "<group>"; };
		8604CE1C2428290F006C7C12 /* ReadMemoryResultsController.h */ = {isa = PBXFileReference; fileEncoding = 4; lastKnownFileType = sourcecode.c.h; path = ReadMemoryResultsController.h; sourceTree = "<group>"; };
		8604CE1D2428290F006C7C12 /* UIApplicationDelegate-Protocol.h */ = {isa = PBXFileReference; fileEncoding = 4; lastKnownFileType = sourcecode.c.h; path = "UIApplicationDelegate-Protocol.h"; sourceTree = "<group>"; };
		8604CE1E2428290F006C7C12 /* CDStructures.h */ = {isa = PBXFileReference; fileEncoding = 4; lastKnownFileType = sourcecode.c.h; path = CDStructures.h; sourceTree = "<group>"; };
		8604CE1F2428290F006C7C12 /* NFCServerController.h */ = {isa = PBXFileReference; fileEncoding = 4; lastKnownFileType = sourcecode.c.h; path = NFCServerController.h; sourceTree = "<group>"; };
		8604CE202428290F006C7C12 /* URIRecordViewController.h */ = {isa = PBXFileReference; fileEncoding = 4; lastKnownFileType = sourcecode.c.h; path = URIRecordViewController.h; sourceTree = "<group>"; };
		8604CE212428290F006C7C12 /* AddContactRecordViewController.h */ = {isa = PBXFileReference; fileEncoding = 4; lastKnownFileType = sourcecode.c.h; path = AddContactRecordViewController.h; sourceTree = "<group>"; };
		8604CE222428290F006C7C12 /* NSObject-Protocol.h */ = {isa = PBXFileReference; fileEncoding = 4; lastKnownFileType = sourcecode.c.h; path = "NSObject-Protocol.h"; sourceTree = "<group>"; };
		8604CE232428290F006C7C12 /* IDTextField.h */ = {isa = PBXFileReference; fileEncoding = 4; lastKnownFileType = sourcecode.c.h; path = IDTextField.h; sourceTree = "<group>"; };
		8604CE242428290F006C7C12 /* WIFIRecordViewController.h */ = {isa = PBXFileReference; fileEncoding = 4; lastKnownFileType = sourcecode.c.h; path = WIFIRecordViewController.h; sourceTree = "<group>"; };
		8604CE252428290F006C7C12 /* UITextFieldDelegate-Protocol.h */ = {isa = PBXFileReference; fileEncoding = 4; lastKnownFileType = sourcecode.c.h; path = "UITextFieldDelegate-Protocol.h"; sourceTree = "<group>"; };
		8604CE2624282910006C7C12 /* RecordViewController.h */ = {isa = PBXFileReference; fileEncoding = 4; lastKnownFileType = sourcecode.c.h; path = RecordViewController.h; sourceTree = "<group>"; };
		8604CE2724282910006C7C12 /* DiscoverMapViewController.h */ = {isa = PBXFileReference; fileEncoding = 4; lastKnownFileType = sourcecode.c.h; path = DiscoverMapViewController.h; sourceTree = "<group>"; };
		8604CE2824282910006C7C12 /* SavedRecordViewController.h */ = {isa = PBXFileReference; fileEncoding = 4; lastKnownFileType = sourcecode.c.h; path = SavedRecordViewController.h; sourceTree = "<group>"; };
		8604CE2924282910006C7C12 /* AdvancedTransceiver.h */ = {isa = PBXFileReference; fileEncoding = 4; lastKnownFileType = sourcecode.c.h; path = AdvancedTransceiver.h; sourceTree = "<group>"; };
		8604CE2A24282910006C7C12 /* MailRecordViewController.h */ = {isa = PBXFileReference; fileEncoding = 4; lastKnownFileType = sourcecode.c.h; path = MailRecordViewController.h; sourceTree = "<group>"; };
		8604CE2B24282910006C7C12 /* BlurredLabel.h */ = {isa = PBXFileReference; fileEncoding = 4; lastKnownFileType = sourcecode.c.h; path = BlurredLabel.h; sourceTree = "<group>"; };
		8604CE2C24282910006C7C12 /* UITabBarControllerDelegate-Protocol.h */ = {isa = PBXFileReference; fileEncoding = 4; lastKnownFileType = sourcecode.c.h; path = "UITabBarControllerDelegate-Protocol.h"; sourceTree = "<group>"; };
		8604CE2D24282910006C7C12 /* NFCChipManager.h */ = {isa = PBXFileReference; fileEncoding = 4; lastKnownFileType = sourcecode.c.h; path = NFCChipManager.h; sourceTree = "<group>"; };
		8604CE2E24282911006C7C12 /* MRTDAuthController.h */ = {isa = PBXFileReference; fileEncoding = 4; lastKnownFileType = sourcecode.c.h; path = MRTDAuthController.h; sourceTree = "<group>"; };
		8604CE2F24282911006C7C12 /* GIMME.h */ = {isa = PBXFileReference; fileEncoding = 4; lastKnownFileType = sourcecode.c.h; path = GIMME.h; sourceTree = "<group>"; };
		8604CE3024282911006C7C12 /* TextRecordViewController.h */ = {isa = PBXFileReference; fileEncoding = 4; lastKnownFileType = sourcecode.c.h; path = TextRecordViewController.h; sourceTree = "<group>"; };
		8604CE3124282911006C7C12 /* UIScrollViewDelegate-Protocol.h */ = {isa = PBXFileReference; fileEncoding = 4; lastKnownFileType = sourcecode.c.h; path = "UIScrollViewDelegate-Protocol.h"; sourceTree = "<group>"; };
		8604CE71242839B1006C7C12 /* Header.h */ = {isa = PBXFileReference; lastKnownFileType = sourcecode.c.h; path = Header.h; sourceTree = "<group>"; };
		869F6E7E241CABE4008BF306 /* NFCWritterHelper.dylib */ = {isa = PBXFileReference; explicitFileType = "compiled.mach-o.dylib"; includeInIndex = 0; path = NFCWritterHelper.dylib; sourceTree = BUILT_PRODUCTS_DIR; };
		869F6E81241CABE4008BF306 /* UIKit.framework */ = {isa = PBXFileReference; lastKnownFileType = wrapper.framework; name = UIKit.framework; path = System/Library/Frameworks/UIKit.framework; sourceTree = SDKROOT; };
		869F6E83241CABE4008BF306 /* Foundation.framework */ = {isa = PBXFileReference; lastKnownFileType = wrapper.framework; name = Foundation.framework; path = System/Library/Frameworks/Foundation.framework; sourceTree = SDKROOT; };
		869F6E85241CABE4008BF306 /* CydiaSubstrate.framework */ = {isa = PBXFileReference; lastKnownFileType = wrapper.framework; name = CydiaSubstrate.framework; path = Library/Frameworks/CydiaSubstrate.framework; sourceTree = DEVELOPER_DIR; };
		869F6E8A241CABE4008BF306 /* control */ = {isa = PBXFileReference; lastKnownFileType = text; path = control; sourceTree = "<group>"; };
		869F6E8C241CABE4008BF306 /* NFCWritterHelper-Prefix.pch */ = {isa = PBXFileReference; lastKnownFileType = sourcecode.c.h; name = "NFCWritterHelper-Prefix.pch"; path = "../NFCWritterHelper-Prefix.pch"; sourceTree = "<group>"; };
		869F6E8D241CABE4008BF306 /* NFCWritterHelper.xm */ = {isa = PBXFileReference; explicitFileType = sourcecode.cpp.objcpp; path = NFCWritterHelper.xm; sourceTree = "<group>"; };
		869F6E8E241CABE4008BF306 /* NFCWritterHelper.mm */ = {isa = PBXFileReference; lastKnownFileType = sourcecode.cpp.objcpp; path = NFCWritterHelper.mm; sourceTree = "<group>"; };
		869F6E93241CABE4008BF306 /* NFCWritterHelper.plist */ = {isa = PBXFileReference; lastKnownFileType = text.plist.xml; path = NFCWritterHelper.plist; sourceTree = "<group>"; };
		86FEAF55241F59B700DD8EE1 /* EmulationViewController.h */ = {isa = PBXFileReference; fileEncoding = 4; lastKnownFileType = sourcecode.c.h; name = EmulationViewController.h; path = Header/EmulationViewController.h; sourceTree = SOURCE_ROOT; };
/* End PBXFileReference section */

/* Begin PBXFrameworksBuildPhase section */
		869F6E7A241CABE4008BF306 /* Frameworks */ = {
			isa = PBXFrameworksBuildPhase;
			buildActionMask = 2147483647;
			files = (
				869F6E84241CABE4008BF306 /* Foundation.framework in Frameworks */,
				8604CE70242838DE006C7C12 /* UIKit.framework in Frameworks */,
				869F6E86241CABE4008BF306 /* CydiaSubstrate.framework in Frameworks */,
			);
			runOnlyForDeploymentPostprocessing = 0;
		};
/* End PBXFrameworksBuildPhase section */

/* Begin PBXGroup section */
		869F6E73241CABE4008BF306 = {
			isa = PBXGroup;
			children = (
				869F6E87241CABE4008BF306 /* NFCWritterHelper */,
				869F6E80241CABE4008BF306 /* Frameworks */,
				869F6E7F241CABE4008BF306 /* Products */,
			);
			sourceTree = "<group>";
		};
		869F6E7F241CABE4008BF306 /* Products */ = {
			isa = PBXGroup;
			children = (
				869F6E7E241CABE4008BF306 /* NFCWritterHelper.dylib */,
			);
			name = Products;
			sourceTree = "<group>";
		};
		869F6E80241CABE4008BF306 /* Frameworks */ = {
			isa = PBXGroup;
			children = (
				869F6E81241CABE4008BF306 /* UIKit.framework */,
				869F6E83241CABE4008BF306 /* Foundation.framework */,
				869F6E85241CABE4008BF306 /* CydiaSubstrate.framework */,
			);
			name = Frameworks;
			sourceTree = "<group>";
		};
		869F6E87241CABE4008BF306 /* NFCWritterHelper */ = {
			isa = PBXGroup;
			children = (
				86FEAF55241F59B700DD8EE1 /* EmulationViewController.h */,
				8604CE71242839B1006C7C12 /* Header.h */,
				8604CE0D2428290C006C7C12 /* MainTabBarController.h */,
				8604CE022428290B006C7C12 /* EmulationNDEFPicker.h */,
				86FEAF54241F599F00DD8EE1 /* header */,
				869F6E8D241CABE4008BF306 /* NFCWritterHelper.xm */,
				869F6E8E241CABE4008BF306 /* NFCWritterHelper.mm */,
				869F6E88241CABE4008BF306 /* Package */,
				869F6E8B241CABE4008BF306 /* Supporting Files */,
			);
			path = NFCWritterHelper;
			sourceTree = "<group>";
		};
		869F6E88241CABE4008BF306 /* Package */ = {
			isa = PBXGroup;
			children = (
				869F6E89241CABE4008BF306 /* DEBIAN */,
				869F6E90241CABE4008BF306 /* Library */,
			);
			path = Package;
			sourceTree = "<group>";
		};
		869F6E89241CABE4008BF306 /* DEBIAN */ = {
			isa = PBXGroup;
			children = (
				869F6E8A241CABE4008BF306 /* control */,
			);
			path = DEBIAN;
			sourceTree = "<group>";
		};
		869F6E8B241CABE4008BF306 /* Supporting Files */ = {
			isa = PBXGroup;
			children = (
				869F6E8C241CABE4008BF306 /* NFCWritterHelper-Prefix.pch */,
			);
			path = "Supporting Files";
			sourceTree = "<group>";
		};
		869F6E90241CABE4008BF306 /* Library */ = {
			isa = PBXGroup;
			children = (
				869F6E91241CABE4008BF306 /* MobileSubstrate */,
			);
			path = Library;
			sourceTree = "<group>";
		};
		869F6E91241CABE4008BF306 /* MobileSubstrate */ = {
			isa = PBXGroup;
			children = (
				869F6E92241CABE4008BF306 /* DynamicLibraries */,
			);
			path = MobileSubstrate;
			sourceTree = "<group>";
		};
		869F6E92241CABE4008BF306 /* DynamicLibraries */ = {
			isa = PBXGroup;
			children = (
				869F6E93241CABE4008BF306 /* NFCWritterHelper.plist */,
			);
			path = DynamicLibraries;
			sourceTree = "<group>";
		};
		86FEAF54241F599F00DD8EE1 /* header */ = {
			isa = PBXGroup;
			children = (
				8604CE212428290F006C7C12 /* AddContactRecordViewController.h */,
				8604CE2924282910006C7C12 /* AdvancedTransceiver.h */,
				8604CE2B24282910006C7C12 /* BlurredLabel.h */,
				8604CE1E2428290F006C7C12 /* CDStructures.h */,
				8604CE102428290D006C7C12 /* CNContactPickerDelegate-Protocol.h */,
				8604CE012428290B006C7C12 /* CNContactViewControllerDelegate-Protocol.h */,
				8604CE2724282910006C7C12 /* DiscoverMapViewController.h */,
				8604CDFB24282909006C7C12 /* EmulationViewController.h */,
				8604CDFD2428290A006C7C12 /* EMVAuthController.h */,
				8604CE2F24282911006C7C12 /* GIMME.h */,
				8604CE232428290F006C7C12 /* IDTextField.h */,
				8604CE042428290B006C7C12 /* LastLogViewController.h */,
				8604CE152428290E006C7C12 /* LimTransferLicenseController.h */,
				8604CE2A24282910006C7C12 /* MailRecordViewController.h */,
				8604CE032428290B006C7C12 /* ManageRecordsCell.h */,
				8604CE0A2428290C006C7C12 /* ManageRecordsViewController.h */,
				8604CE182428290E006C7C12 /* ManageTagsViewController.h */,
				8604CE132428290D006C7C12 /* MFMailComposeViewControllerDelegate-Protocol.h */,
				8604CE2E24282911006C7C12 /* MRTDAuthController.h */,
				8604CE2D24282910006C7C12 /* NFCChipManager.h */,
				8604CE0B2428290C006C7C12 /* NFCClientController.h */,
				8604CE1F2428290F006C7C12 /* NFCServerController.h */,
				8604CE052428290B006C7C12 /* NFCWriterApplication.h */,
				8604CE1A2428290E006C7C12 /* NFCWriterFieldSessionDelegateObject.h */,
				8604CE0C2428290C006C7C12 /* NFCWriterTransmissionLogViewController.h */,
				8604CE072428290C006C7C12 /* NSArray-limadded.h */,
				8604CE172428290E006C7C12 /* NSData-lim.h */,
				8604CE222428290F006C7C12 /* NSObject-Protocol.h */,
				8604CE112428290D006C7C12 /* NSString-lim.h */,
				8604CE092428290C006C7C12 /* OtherViewController.h */,
				8604CDFF2428290A006C7C12 /* ReaderViewController.h */,
				8604CE1C2428290F006C7C12 /* ReadMemoryResultsController.h */,
				8604CE162428290E006C7C12 /* RecordPickerController.h */,
				8604CE2624282910006C7C12 /* RecordViewController.h */,
				8604CE0E2428290D006C7C12 /* RoundedCell.h */,
				8604CE2824282910006C7C12 /* SavedRecordViewController.h */,
				8604CE082428290C006C7C12 /* SettingsController.h */,
				8604CE1B2428290E006C7C12 /* ShowRecordViewController.h */,
				8604CE142428290E006C7C12 /* ShowTagViewController.h */,
				8604CE122428290D006C7C12 /* SMSRecordViewController.h */,
				8604CE0F2428290D006C7C12 /* TelRecordViewController.h */,
				8604CDFC24282909006C7C12 /* TestResponder.h */,
				8604CE3024282911006C7C12 /* TextRecordViewController.h */,
				8604CE1D2428290F006C7C12 /* UIApplicationDelegate-Protocol.h */,
				8604CE3124282911006C7C12 /* UIScrollViewDelegate-Protocol.h */,
				8604CE2C24282910006C7C12 /* UITabBarControllerDelegate-Protocol.h */,
				8604CE192428290E006C7C12 /* UITableViewDataSource-Protocol.h */,
				8604CE002428290A006C7C12 /* UITableViewDelegate-Protocol.h */,
				8604CE252428290F006C7C12 /* UITextFieldDelegate-Protocol.h */,
				8604CDFE2428290A006C7C12 /* UITextViewDelegate-Protocol.h */,
				8604CE202428290F006C7C12 /* URIRecordViewController.h */,
				8604CE242428290F006C7C12 /* WIFIRecordViewController.h */,
				8604CE062428290B006C7C12 /* WriterViewController.h */,
			);
			path = header;
			sourceTree = "<group>";
		};
/* End PBXGroup section */

/* Begin PBXHeadersBuildPhase section */
		869F6E7B241CABE4008BF306 /* Headers */ = {
			isa = PBXHeadersBuildPhase;
			buildActionMask = 2147483647;
			files = (
				8604CE3224282911006C7C12 /* EmulationViewController.h in Headers */,
				8604CE4424282911006C7C12 /* MainTabBarController.h in Headers */,
				8604CE5024282911006C7C12 /* UITableViewDataSource-Protocol.h in Headers */,
				8604CE4C24282911006C7C12 /* LimTransferLicenseController.h in Headers */,
				8604CE4324282911006C7C12 /* NFCWriterTransmissionLogViewController.h in Headers */,
				86FEAF56241F59B700DD8EE1 /* EmulationViewController.h in Headers */,
				8604CE3F24282911006C7C12 /* SettingsController.h in Headers */,
				8604CE6024282911006C7C12 /* AdvancedTransceiver.h in Headers */,
				8604CE4224282911006C7C12 /* NFCClientController.h in Headers */,
				8604CE3A24282911006C7C12 /* ManageRecordsCell.h in Headers */,
				8604CE4724282911006C7C12 /* CNContactPickerDelegate-Protocol.h in Headers */,
				8604CE5324282911006C7C12 /* ReadMemoryResultsController.h in Headers */,
				8604CE6424282911006C7C12 /* NFCChipManager.h in Headers */,
				8604CE5E24282911006C7C12 /* DiscoverMapViewController.h in Headers */,
				8604CE5924282911006C7C12 /* NSObject-Protocol.h in Headers */,
				8604CE6824282911006C7C12 /* UIScrollViewDelegate-Protocol.h in Headers */,
				8604CE5624282911006C7C12 /* NFCServerController.h in Headers */,
				8604CE3624282911006C7C12 /* ReaderViewController.h in Headers */,
				8604CE5424282911006C7C12 /* UIApplicationDelegate-Protocol.h in Headers */,
				8604CE3C24282911006C7C12 /* NFCWriterApplication.h in Headers */,
				8604CE3E24282911006C7C12 /* NSArray-limadded.h in Headers */,
				8604CE4824282911006C7C12 /* NSString-lim.h in Headers */,
				8604CE4D24282911006C7C12 /* RecordPickerController.h in Headers */,
				8604CE4E24282911006C7C12 /* NSData-lim.h in Headers */,
				8604CE4524282911006C7C12 /* RoundedCell.h in Headers */,
				8604CE6624282911006C7C12 /* GIMME.h in Headers */,
				8604CE3524282911006C7C12 /* UITextViewDelegate-Protocol.h in Headers */,
				8604CE5B24282911006C7C12 /* WIFIRecordViewController.h in Headers */,
				8604CE3324282911006C7C12 /* TestResponder.h in Headers */,
				8604CE5124282911006C7C12 /* NFCWriterFieldSessionDelegateObject.h in Headers */,
				8604CE4924282911006C7C12 /* SMSRecordViewController.h in Headers */,
				8604CE6224282911006C7C12 /* BlurredLabel.h in Headers */,
				8604CE3724282911006C7C12 /* UITableViewDelegate-Protocol.h in Headers */,
				8604CE3824282911006C7C12 /* CNContactViewControllerDelegate-Protocol.h in Headers */,
				8604CE4124282911006C7C12 /* ManageRecordsViewController.h in Headers */,
				8604CE5D24282911006C7C12 /* RecordViewController.h in Headers */,
				8604CE3B24282911006C7C12 /* LastLogViewController.h in Headers */,
				8604CE4024282911006C7C12 /* OtherViewController.h in Headers */,
				8604CE4A24282911006C7C12 /* MFMailComposeViewControllerDelegate-Protocol.h in Headers */,
				8604CE4624282911006C7C12 /* TelRecordViewController.h in Headers */,
				8604CE5724282911006C7C12 /* URIRecordViewController.h in Headers */,
				8604CE6724282911006C7C12 /* TextRecordViewController.h in Headers */,
				8604CE4B24282911006C7C12 /* ShowTagViewController.h in Headers */,
				8604CE5224282911006C7C12 /* ShowRecordViewController.h in Headers */,
				8604CE5824282911006C7C12 /* AddContactRecordViewController.h in Headers */,
				8604CE6524282911006C7C12 /* MRTDAuthController.h in Headers */,
				8604CE3924282911006C7C12 /* EmulationNDEFPicker.h in Headers */,
				8604CE6124282911006C7C12 /* MailRecordViewController.h in Headers */,
				8604CE6324282911006C7C12 /* UITabBarControllerDelegate-Protocol.h in Headers */,
				8604CE3D24282911006C7C12 /* WriterViewController.h in Headers */,
				8604CE5524282911006C7C12 /* CDStructures.h in Headers */,
				8604CE5A24282911006C7C12 /* IDTextField.h in Headers */,
				8604CE5C24282911006C7C12 /* UITextFieldDelegate-Protocol.h in Headers */,
				8604CE4F24282911006C7C12 /* ManageTagsViewController.h in Headers */,
				8604CE72242839B1006C7C12 /* Header.h in Headers */,
				8604CE3424282911006C7C12 /* EMVAuthController.h in Headers */,
				8604CE5F24282911006C7C12 /* SavedRecordViewController.h in Headers */,
			);
			runOnlyForDeploymentPostprocessing = 0;
		};
/* End PBXHeadersBuildPhase section */

/* Begin PBXNativeTarget section */
		869F6E7D241CABE4008BF306 /* NFCWritterHelper */ = {
			isa = PBXNativeTarget;
			buildConfigurationList = 869F6E96241CABE4008BF306 /* Build configuration list for PBXNativeTarget "NFCWritterHelper" */;
			buildPhases = (
				869F6E78241CABE4008BF306 /* ShellScript */,
				869F6E79241CABE4008BF306 /* Sources */,
				869F6E7A241CABE4008BF306 /* Frameworks */,
				869F6E7B241CABE4008BF306 /* Headers */,
				869F6E7C241CABE4008BF306 /* ShellScript */,
			);
			buildRules = (
			);
			dependencies = (
			);
			name = NFCWritterHelper;
			productName = NFCWritterHelper;
			productReference = 869F6E7E241CABE4008BF306 /* NFCWritterHelper.dylib */;
			productType = "com.apple.product-type.library.dynamic";
		};
/* End PBXNativeTarget section */

/* Begin PBXProject section */
		869F6E74241CABE4008BF306 /* Project object */ = {
			isa = PBXProject;
			attributes = {
				LastUpgradeCheck = 1130;
				TargetAttributes = {
					869F6E7D241CABE4008BF306 = {
						CreatedOnToolsVersion = 11.3;
					};
				};
			};
			buildConfigurationList = 869F6E77241CABE4008BF306 /* Build configuration list for PBXProject "NFCWritterHelper" */;
			compatibilityVersion = "Xcode 9.3";
			developmentRegion = en;
			hasScannedForEncodings = 0;
			knownRegions = (
				en,
				Base,
			);
			mainGroup = 869F6E73241CABE4008BF306;
			productRefGroup = 869F6E7F241CABE4008BF306 /* Products */;
			projectDirPath = "";
			projectRoot = "";
			targets = (
				869F6E7D241CABE4008BF306 /* NFCWritterHelper */,
			);
		};
/* End PBXProject section */

/* Begin PBXShellScriptBuildPhase section */
		869F6E78241CABE4008BF306 /* ShellScript */ = {
			isa = PBXShellScriptBuildPhase;
			buildActionMask = 2147483647;
			files = (
			);
			inputFileListPaths = (
			);
			inputPaths = (
			);
			outputFileListPaths = (
			);
			outputPaths = (
			);
			runOnlyForDeploymentPostprocessing = 0;
			shellPath = /bin/sh;
			shellScript = "/opt/MonkeyDev/bin/md --xcbp-logos\n";
		};
		869F6E7C241CABE4008BF306 /* ShellScript */ = {
			isa = PBXShellScriptBuildPhase;
			buildActionMask = 2147483647;
			files = (
			);
			inputFileListPaths = (
			);
			inputPaths = (
			);
			outputFileListPaths = (
			);
			outputPaths = (
			);
			runOnlyForDeploymentPostprocessing = 0;
			shellPath = /bin/sh;
			shellScript = "/opt/MonkeyDev/bin/md --xcbp\n";
		};
/* End PBXShellScriptBuildPhase section */

/* Begin PBXSourcesBuildPhase section */
		869F6E79241CABE4008BF306 /* Sources */ = {
			isa = PBXSourcesBuildPhase;
			buildActionMask = 2147483647;
			files = (
				869F6E8F241CABE4008BF306 /* NFCWritterHelper.mm in Sources */,
			);
			runOnlyForDeploymentPostprocessing = 0;
		};
/* End PBXSourcesBuildPhase section */

/* Begin XCBuildConfiguration section */
		869F6E94241CABE4008BF306 /* Release */ = {
			isa = XCBuildConfiguration;
			buildSettings = {
				ALWAYS_SEARCH_USER_PATHS = NO;
				COPY_PHASE_STRIP = YES;
				EXCLUDED_RECURSIVE_SEARCH_PATH_SUBDIRECTORIES = "*.nib *.lproj *.gch (*) .DS_Store CVS .svn .git .hg *.xcodeproj *.xcode *.pbproj *.pbxproj";
				FRAMEWORK_SEARCH_PATHS = (
					"$(MonkeyDevPath)/frameworks/**",
					"$(MonkeyDevTheosPath)/vendor/lib",
				);
				GCC_C_LANGUAGE_STANDARD = gnu99;
				GCC_WARN_ABOUT_MISSING_PROTOTYPES = YES;
				GCC_WARN_ABOUT_RETURN_TYPE = YES;
				GCC_WARN_UNUSED_VARIABLE = YES;
				HEADER_SEARCH_PATHS = "$(MonkeyDevTheosPath)/vendor/include/**";
				IPHONEOS_DEPLOYMENT_TARGET = 8.0;
				LIBRARY_SEARCH_PATHS = "$(MonkeyDevTheosPath)/vendor/lib/**";
				MonkeyDevPath = /opt/MonkeyDev;
				MonkeyDevTheosPath = /opt/theos;
				OTHER_CFLAGS = "-DTHEOS_INSTANCE_NAME=\"\\\"NFCWritterHelper\\\"\"";
				SDKROOT = iphoneos;
				TARGETED_DEVICE_FAMILY = "1,2";
				VALIDATE_PRODUCT = YES;
			};
			name = Release;
		};
		869F6E95241CABE4008BF306 /* Debug */ = {
			isa = XCBuildConfiguration;
			buildSettings = {
				ALWAYS_SEARCH_USER_PATHS = NO;
				COPY_PHASE_STRIP = NO;
				EXCLUDED_RECURSIVE_SEARCH_PATH_SUBDIRECTORIES = "*.nib *.lproj *.gch (*) .DS_Store CVS .svn .git .hg *.xcodeproj *.xcode *.pbproj *.pbxproj";
				FRAMEWORK_SEARCH_PATHS = (
					"$(MonkeyDevPath)/frameworks/**",
					"$(MonkeyDevTheosPath)/vendor/lib",
				);
				GCC_C_LANGUAGE_STANDARD = gnu99;
				GCC_DYNAMIC_NO_PIC = NO;
				GCC_OPTIMIZATION_LEVEL = 0;
				GCC_PREPROCESSOR_DEFINITIONS = (
					"DEBUG=1",
					"$(inherited)",
				);
				GCC_SYMBOLS_PRIVATE_EXTERN = NO;
				GCC_WARN_ABOUT_MISSING_PROTOTYPES = YES;
				GCC_WARN_ABOUT_RETURN_TYPE = YES;
				GCC_WARN_UNUSED_VARIABLE = YES;
				HEADER_SEARCH_PATHS = "$(MonkeyDevTheosPath)/vendor/include/**";
				IPHONEOS_DEPLOYMENT_TARGET = 8.0;
				LIBRARY_SEARCH_PATHS = "$(MonkeyDevTheosPath)/vendor/lib/**";
				MonkeyDevPath = /opt/MonkeyDev;
				MonkeyDevTheosPath = /opt/theos;
				ONLY_ACTIVE_ARCH = YES;
				OTHER_CFLAGS = "-DTHEOS_INSTANCE_NAME=\"\\\"NFCWritterHelper\\\"\"";
				SDKROOT = iphoneos;
				TARGETED_DEVICE_FAMILY = "1,2";
				VALIDATE_PRODUCT = NO;
			};
			name = Debug;
		};
		869F6E97241CABE4008BF306 /* Release */ = {
			isa = XCBuildConfiguration;
			buildSettings = {
				CLANG_ENABLE_OBJC_ARC = YES;
				CODE_SIGN_IDENTITY = "iPhone Developer";
				CODE_SIGN_STYLE = Automatic;
				DEVELOPMENT_TEAM = UFF68NT75V;
				DYLIB_COMPATIBILITY_VERSION = 1;
				DYLIB_CURRENT_VERSION = 1;
				GCC_PRECOMPILE_PREFIX_HEADER = YES;
				GCC_PREFIX_HEADER = "NFCWritterHelper/NFCWritterHelper-Prefix.pch";
				INSTALL_PATH = /Library/MobileSubstrate/DynamicLibraries;
				MonkeyDevBuildPackageOnAnyBuild = NO;
				MonkeyDevClearUiCacheOnInstall = NO;
				MonkeyDevCopyOnBuild = NO;
				MonkeyDevDeviceIP = 192.168.2.4;
				MonkeyDevDevicePassword = "DbApp@anheng888";
				MonkeyDevDevicePort = 22;
				MonkeyDevInstallOnAnyBuild = YES;
				MonkeyDevInstallOnProfiling = YES;
				MonkeyDevkillProcessOnInstall = NFCWriter;
				PRODUCT_NAME = "$(TARGET_NAME)";
				TARGETED_DEVICE_FAMILY = "1,2";
			};
			name = Release;
		};
		869F6E98241CABE4008BF306 /* Debug */ = {
			isa = XCBuildConfiguration;
			buildSettings = {
				CLANG_ENABLE_OBJC_ARC = YES;
				CODE_SIGN_IDENTITY = "iPhone Developer";
				CODE_SIGN_STYLE = Automatic;
				DEVELOPMENT_TEAM = UFF68NT75V;
				DYLIB_COMPATIBILITY_VERSION = 1;
				DYLIB_CURRENT_VERSION = 1;
				GCC_PRECOMPILE_PREFIX_HEADER = YES;
				GCC_PREFIX_HEADER = "NFCWritterHelper/NFCWritterHelper-Prefix.pch";
				INSTALL_PATH = /Library/MobileSubstrate/DynamicLibraries;
				MonkeyDevBuildPackageOnAnyBuild = NO;
				MonkeyDevClearUiCacheOnInstall = NO;
				MonkeyDevCopyOnBuild = NO;
				MonkeyDevDeviceIP = 192.168.2.4;
				MonkeyDevDevicePassword = "DbApp@anheng888";
				MonkeyDevDevicePort = 22;
				MonkeyDevInstallOnAnyBuild = YES;
				MonkeyDevInstallOnProfiling = YES;
				MonkeyDevkillProcessOnInstall = NFCWriter;
				PRODUCT_NAME = "$(TARGET_NAME)";
				TARGETED_DEVICE_FAMILY = "1,2";
			};
			name = Debug;
		};
/* End XCBuildConfiguration section */

/* Begin XCConfigurationList section */
		869F6E77241CABE4008BF306 /* Build configuration list for PBXProject "NFCWritterHelper" */ = {
			isa = XCConfigurationList;
			buildConfigurations = (
				869F6E94241CABE4008BF306 /* Release */,
				869F6E95241CABE4008BF306 /* Debug */,
			);
			defaultConfigurationIsVisible = 0;
			defaultConfigurationName = Release;
		};
		869F6E96241CABE4008BF306 /* Build configuration list for PBXNativeTarget "NFCWritterHelper" */ = {
			isa = XCConfigurationList;
			buildConfigurations = (
				869F6E97241CABE4008BF306 /* Release */,
				869F6E98241CABE4008BF306 /* Debug */,
			);
			defaultConfigurationIsVisible = 0;
			defaultConfigurationName = Release;
		};
/* End XCConfigurationList section */
	};
	rootObject = 869F6E74241CABE4008BF306 /* Project object */;
}
